
Microsoft Visual Studio Solution File, Format Version 12.00
# Visual Studio Version 17
VisualStudioVersion = 17.0.31912.275
MinimumVisualStudioVersion = 10.0.40219.1
Project("{2150E333-8FDC-42A3-9474-1A3956D46DE8}") = "ShopManagement", "ShopManagement", "{4E2B6B33-EC42-45EB-847A-9F7E1B0117B5}"
EndProject
Project("{2150E333-8FDC-42A3-9474-1A3956D46DE8}") = "SM.Domain", "SM.Domain", "{B8F6B7E4-AA00-41BD-9876-D3071904CBF5}"
EndProject
Project("{9A19103F-16F7-4668-BE54-9A1E7A4F7556}") = "ShopManagement.Domain", "ShopManagement.Domain\ShopManagement.Domain.csproj", "{17D48463-C3F6-4054-93E6-E9836940AC51}"
EndProject
Project("{9A19103F-16F7-4668-BE54-9A1E7A4F7556}") = "0_Framework", "0_Framework\0_Framework.csproj", "{83963560-B016-4B62-9094-00974A06CDC4}"
EndProject
Project("{2150E333-8FDC-42A3-9474-1A3956D46DE8}") = "SM.Application", "SM.Application", "{86F08BB2-A13C-40B6-8893-D0BDB79BC89C}"
EndProject
Project("{9A19103F-16F7-4668-BE54-9A1E7A4F7556}") = "ShopManagement.Application.Contracts", "ShopManagement.Application.Contracts\ShopManagement.Application.Contracts.csproj", "{43482B8D-D52B-43DD-BF5F-EC5B7066C4FE}"
EndProject
Project("{9A19103F-16F7-4668-BE54-9A1E7A4F7556}") = "ShopManagement.Application", "ShopManagement.Application\ShopManagement.Application.csproj", "{86FC5EE1-11F7-4826-A6A1-AF1D0ACA1B04}"
EndProject
Project("{2150E333-8FDC-42A3-9474-1A3956D46DE8}") = "SM.Infrastructure", "SM.Infrastructure", "{B483244C-A6A8-473D-B5A8-E3E826AE4BEB}"
EndProject
Project("{9A19103F-16F7-4668-BE54-9A1E7A4F7556}") = "ShopManagement.Infrastructure.EFCore", "ShopManagement.Infrastructure.EFcore\ShopManagement.Infrastructure.EFCore.csproj", "{40C38427-020F-4D0D-ADDB-F3D94B6DFED5}"
EndProject
Project("{9A19103F-16F7-4668-BE54-9A1E7A4F7556}") = "ShopManagement.Configuration", "ShopManagement.Configuration\ShopManagement.Configuration.csproj", "{AB3893BF-91B5-4055-B086-A0472D12C995}"
EndProject
Project("{9A19103F-16F7-4668-BE54-9A1E7A4F7556}") = "ServiceHost", "ServiceHost\ServiceHost.csproj", "{800E896E-737F-4B97-81A8-BB5AA49A0681}"
EndProject
Project("{9A19103F-16F7-4668-BE54-9A1E7A4F7556}") = "01_LampshadeQuery", "01_LampshadeQuery\01_LampshadeQuery.csproj", "{F2307EF4-5298-4A2D-A7A3-2027A230FADC}"
EndProject
Project("{2150E333-8FDC-42A3-9474-1A3956D46DE8}") = "DiscountManagement", "DiscountManagement", "{3980F026-12EE-47A2-814C-F46FE934007E}"
EndProject
Project("{2150E333-8FDC-42A3-9474-1A3956D46DE8}") = "DM.Application", "DM.Application", "{3B996249-54F3-4D5D-8904-68F7BFD7828C}"
EndProject
Project("{2150E333-8FDC-42A3-9474-1A3956D46DE8}") = "DM.Domain", "DM.Domain", "{C7129167-56AD-429C-9DD9-B342C896DA71}"
EndProject
Project("{2150E333-8FDC-42A3-9474-1A3956D46DE8}") = "DM.Infrastructure", "DM.Infrastructure", "{77D77708-DF58-4D6C-B185-4F9773C0C374}"
EndProject
Project("{9A19103F-16F7-4668-BE54-9A1E7A4F7556}") = "DiscountManagement.Domain", "DiscountManagement.Domain\DiscountManagement.Domain.csproj", "{EDB35FD7-6BAF-4894-B4AC-9F9C21BCDA04}"
EndProject
Project("{9A19103F-16F7-4668-BE54-9A1E7A4F7556}") = "DiscountManagement.Application.Contracts", "DiscountManagement.Application.Contracts\DiscountManagement.Application.Contracts.csproj", "{CEB39402-ADDD-4BD2-9791-A71AADA3521C}"
EndProject
Project("{9A19103F-16F7-4668-BE54-9A1E7A4F7556}") = "DiscountManagement.Application", "DiscountManagement.Application\DiscountManagement.Application.csproj", "{45FFDD6A-9996-46FD-8D51-E3006ED11147}"
EndProject
Project("{9A19103F-16F7-4668-BE54-9A1E7A4F7556}") = "DiscountManagement.Configuration", "DiscountManagement.Configuration\DiscountManagement.Configuration.csproj", "{CFB1BF87-2108-42A0-BEBD-9C496A4F9D99}"
EndProject
Project("{9A19103F-16F7-4668-BE54-9A1E7A4F7556}") = "DiscountManagement.Infrastructure.EFCore", "DiscountManagement.Infrastructure.EFcore\DiscountManagement.Infrastructure.EFCore.csproj", "{8BFE7132-483A-47A8-A4EB-7EA9532DA6D7}"
EndProject
Project("{2150E333-8FDC-42A3-9474-1A3956D46DE8}") = "InventoryManagement", "InventoryManagement", "{D22D69CA-08C5-4184-A165-194A87574129}"
EndProject
Project("{2150E333-8FDC-42A3-9474-1A3956D46DE8}") = "IM.Domain", "IM.Domain", "{0C854B3B-A4D3-4E5A-9E1C-314EE4011F71}"
EndProject
Project("{2150E333-8FDC-42A3-9474-1A3956D46DE8}") = "IM.Application", "IM.Application", "{D366FE7B-97DD-4EA8-93BF-41B6A13877B3}"
EndProject
Project("{2150E333-8FDC-42A3-9474-1A3956D46DE8}") = "IM.Infrastructure", "IM.Infrastructure", "{B433935D-B78C-4BE9-A519-AD3771046159}"
EndProject
Project("{9A19103F-16F7-4668-BE54-9A1E7A4F7556}") = "InventoryManagement.Domain", "InventoryManagement.Domain\InventoryManagement.Domain.csproj", "{25C95340-38E6-4E51-864E-17C95D8886EA}"
EndProject
Project("{9A19103F-16F7-4668-BE54-9A1E7A4F7556}") = "InventoryManagement.Application.Contracts", "InventoryManagement.Apllication.Contracts\InventoryManagement.Application.Contracts.csproj", "{E2223D82-B181-4519-93E0-CD79B8ABD755}"
EndProject
Project("{9A19103F-16F7-4668-BE54-9A1E7A4F7556}") = "InventoryManagement.Infrastructure.EFCore", "InventoryManagement.Infrastructure.EFCore\InventoryManagement.Infrastructure.EFCore.csproj", "{6F3521C4-7EE1-4B7F-ACE4-0F9F8701B661}"
EndProject
Project("{9A19103F-16F7-4668-BE54-9A1E7A4F7556}") = "InventoryManagement.Application", "InventoryManagement.Application\InventoryManagement.Application.csproj", "{994CC053-F372-403E-A21D-5BBA0F8797A1}"
EndProject
Project("{9A19103F-16F7-4668-BE54-9A1E7A4F7556}") = "InventoryManagement.Configuration", "InventoryManagement.Configuration\InventoryManagement.Configuration.csproj", "{389D9721-2045-4B98-A8C2-86B14F39FED2}"
EndProject
Project("{2150E333-8FDC-42A3-9474-1A3956D46DE8}") = "BlogManagement", "BlogManagement", "{7295C5F0-1414-498F-9DEA-B7AA8A69790D}"
EndProject
Project("{2150E333-8FDC-42A3-9474-1A3956D46DE8}") = "BM.Domain", "BM.Domain", "{481C0FF2-D31E-483C-A749-1237685D0CDD}"
EndProject
Project("{2150E333-8FDC-42A3-9474-1A3956D46DE8}") = "BM.Application", "BM.Application", "{64750652-CE0E-4687-AF63-106DA2C2C01B}"
EndProject
Project("{2150E333-8FDC-42A3-9474-1A3956D46DE8}") = "BM.IInfrustructure", "BM.IInfrustructure", "{406A76BB-DA93-432A-93D9-20BD15C2B812}"
EndProject
Project("{9A19103F-16F7-4668-BE54-9A1E7A4F7556}") = "BlogManagement.Domain", "BlogManagement.Domain\BlogManagement.Domain.csproj", "{0191A849-5040-4359-9EBA-6CCE62CA897F}"
EndProject
Project("{9A19103F-16F7-4668-BE54-9A1E7A4F7556}") = "BlogManagement.Application.Contracts", "BlogManagement.Application.Contracts\BlogManagement.Application.Contracts.csproj", "{5273C6B5-B0A7-477B-9E1E-CA7ABC04C015}"
EndProject
Project("{9A19103F-16F7-4668-BE54-9A1E7A4F7556}") = "BlogManagement.Application", "BlogManagement.Application\BlogManagement.Application.csproj", "{0C192C8E-71DB-44EA-AC2B-CE0CA4C1435C}"
EndProject
Project("{9A19103F-16F7-4668-BE54-9A1E7A4F7556}") = "BlogManagement.Configuration", "BlogManagement.Configuration\BlogManagement.Configuration.csproj", "{79CF5A1C-DABC-4F4B-B301-A6DA25F4CC3A}"
EndProject
Project("{9A19103F-16F7-4668-BE54-9A1E7A4F7556}") = "BlogManagement.Infrastructure.EFCore", "BlogManagement.Infrastructure.EFCore\BlogManagement.Infrastructure.EFCore.csproj", "{334ED912-921F-4FF0-BBAE-525C98A3DA58}"
EndProject
Project("{2150E333-8FDC-42A3-9474-1A3956D46DE8}") = "CommentManagement", "CommentManagement", "{F64C577B-EE67-4352-91C0-C7CBEA9677FF}"
EndProject
Project("{2150E333-8FDC-42A3-9474-1A3956D46DE8}") = "CM.Domain", "CM.Domain", "{F8F1153D-C48F-44BE-9202-D3F67EA2BF2C}"
EndProject
Project("{2150E333-8FDC-42A3-9474-1A3956D46DE8}") = "CM.Application", "CM.Application", "{F16ED7C4-40FA-4EEA-98E7-444F74ABB2E9}"
EndProject
Project("{9A19103F-16F7-4668-BE54-9A1E7A4F7556}") = "CommentManagement.Domain", "CommentManagement.Domain\CommentManagement.Domain.csproj", "{F6D04DB1-AF28-4E1C-8900-3D8E6E007173}"
EndProject
Project("{9A19103F-16F7-4668-BE54-9A1E7A4F7556}") = "CommentManagement.Application.Contracts", "CommentManagement.Application.Contracts\CommentManagement.Application.Contracts.csproj", "{5787A4A8-1E64-458C-94E4-1EB3A685E7D7}"
EndProject
Project("{9A19103F-16F7-4668-BE54-9A1E7A4F7556}") = "CommentManagement.Application", "CommentManagement.Application\CommentManagement.Application.csproj", "{24257F75-DEBD-4D6C-B2B3-EC6CD7F957B8}"
EndProject
Project("{2150E333-8FDC-42A3-9474-1A3956D46DE8}") = "CM.Infrastructure", "CM.Infrastructure", "{F657B11F-2667-4CE1-8C4A-0142D7FFA549}"
EndProject
Project("{9A19103F-16F7-4668-BE54-9A1E7A4F7556}") = "CommentManagement.Infrastructure.EFCore", "CommentManagement.Infrastructure.EFCore\CommentManagement.Infrastructure.EFCore.csproj", "{5DE4D1D9-5E13-4B72-86EB-251E02AB0380}"
EndProject
Project("{9A19103F-16F7-4668-BE54-9A1E7A4F7556}") = "CommentManagement.Configuration", "CommentManagement.Configuration\CommentManagement.Configuration.csproj", "{8B7BD582-48D0-46FF-B114-B8249356A5C9}"
EndProject
Project("{2150E333-8FDC-42A3-9474-1A3956D46DE8}") = "AccountManagement", "AccountManagement", "{E45290F6-5E01-43EC-B313-35E0E9E2FC96}"
EndProject
Project("{2150E333-8FDC-42A3-9474-1A3956D46DE8}") = "AM.Domain", "AM.Domain", "{03B1273A-2945-45D4-AEA6-2EB4C547BEDF}"
EndProject
Project("{2150E333-8FDC-42A3-9474-1A3956D46DE8}") = "AM.Application", "AM.Application", "{A01A4B25-17A8-43F0-B069-C0B8C29735AD}"
EndProject
Project("{2150E333-8FDC-42A3-9474-1A3956D46DE8}") = "AM.Infrastructure", "AM.Infrastructure", "{135CB783-6CD8-4C23-8236-8C837B7C9293}"
EndProject
Project("{9A19103F-16F7-4668-BE54-9A1E7A4F7556}") = "AccountManagement.Domain", "AcountManagement.Domain\AccountManagement.Domain.csproj", "{7D57F235-B917-4198-92D6-879F99DB0153}"
EndProject
Project("{9A19103F-16F7-4668-BE54-9A1E7A4F7556}") = "AccountManagement.Application.Contracts", "AccountManagement.Application.Contracts\AccountManagement.Application.Contracts.csproj", "{D6D243A1-0E7C-4891-ABB5-2CF35B3CED53}"
EndProject
Project("{9A19103F-16F7-4668-BE54-9A1E7A4F7556}") = "AccountManagement.Infrastructure.EfCore", "AccountManagement.Infrastructure.Efcore\AccountManagement.Infrastructure.EfCore.csproj", "{0E4CEE96-DD16-45BC-BE8A-0EDEB45E6D2E}"
EndProject
Project("{9A19103F-16F7-4668-BE54-9A1E7A4F7556}") = "AccountManagement.Application", "AccountManagement.Application\AccountManagement.Application.csproj", "{519842A7-F00B-4892-9881-4F3C31007947}"
EndProject
Project("{9A19103F-16F7-4668-BE54-9A1E7A4F7556}") = "AccountManagement.Configuration", "AccountManagement.Infrastructure.Configuration\AccountManagement.Configuration.csproj", "{A03CEB86-ADF9-405C-83AD-E306D75AD35E}"
EndProject
Project("{9A19103F-16F7-4668-BE54-9A1E7A4F7556}") = "ShopManagement.Infrastructure.InventoryAcl", "ShopManagement.Infrastructure.InventoryAcl\ShopManagement.Infrastructure.InventoryAcl.csproj", "{0E5988B7-6984-44E9-8F86-CE36ED395900}"
EndProject
Project("{2150E333-8FDC-42A3-9474-1A3956D46DE8}") = "SM.Presentation", "SM.Presentation", "{4C9AF3E3-F4CE-4E84-9C5B-1CA0ABAD28DB}"
EndProject
Project("{9A19103F-16F7-4668-BE54-9A1E7A4F7556}") = "ShopManagement.Presentation.Api", "ShopManagement.Presentation.Api\ShopManagement.Presentation.Api.csproj", "{7870BB4E-5DB2-44F4-ADA6-22F7C4534FF0}"
EndProject
Project("{2150E333-8FDC-42A3-9474-1A3956D46DE8}") = "IM.Presentation", "IM.Presentation", "{B1656809-5CB9-4B5F-93C8-560D642FDE29}"
EndProject
Project("{9A19103F-16F7-4668-BE54-9A1E7A4F7556}") = "InventoryManagement.Presentation.Api", "InventoryManagemet.Presentation.Api\InventoryManagement.Presentation.Api.csproj", "{5EF1E3DA-456E-45EB-94EC-ED3C3BC0EF23}"
EndProject
Project("{2150E333-8FDC-42A3-9474-1A3956D46DE8}") = "BM.Presentation", "BM.Presentation", "{5F13B1AD-61F8-4827-BD25-75E311010099}"
EndProject
Project("{9A19103F-16F7-4668-BE54-9A1E7A4F7556}") = "BlogManagement.Presentation.Api", "BlogManagement.Presentation.Api\BlogManagement.Presentation.Api.csproj", "{F833A87A-0EF0-4481-ABDE-9063F108A5D1}"
EndProject
Project("{FAE04EC0-301F-11D3-BF4B-00C04F79EFBC}") = "ShopManagement.Infrastructure.AccountAcl", "ShopManagement.Infrastructure.AccountAcl\ShopManagement.Infrastructure.AccountAcl.csproj", "{03AB745A-2A72-421C-AEDA-91B311557C8C}"
EndProject
Global
	GlobalSection(SolutionConfigurationPlatforms) = preSolution
		Debug|Any CPU = Debug|Any CPU
		Release|Any CPU = Release|Any CPU
	EndGlobalSection
	GlobalSection(ProjectConfigurationPlatforms) = postSolution
		{17D48463-C3F6-4054-93E6-E9836940AC51}.Debug|Any CPU.ActiveCfg = Debug|Any CPU
		{17D48463-C3F6-4054-93E6-E9836940AC51}.Debug|Any CPU.Build.0 = Debug|Any CPU
		{17D48463-C3F6-4054-93E6-E9836940AC51}.Release|Any CPU.ActiveCfg = Release|Any CPU
		{17D48463-C3F6-4054-93E6-E9836940AC51}.Release|Any CPU.Build.0 = Release|Any CPU
		{83963560-B016-4B62-9094-00974A06CDC4}.Debug|Any CPU.ActiveCfg = Debug|Any CPU
		{83963560-B016-4B62-9094-00974A06CDC4}.Debug|Any CPU.Build.0 = Debug|Any CPU
		{83963560-B016-4B62-9094-00974A06CDC4}.Release|Any CPU.ActiveCfg = Release|Any CPU
		{83963560-B016-4B62-9094-00974A06CDC4}.Release|Any CPU.Build.0 = Release|Any CPU
		{43482B8D-D52B-43DD-BF5F-EC5B7066C4FE}.Debug|Any CPU.ActiveCfg = Debug|Any CPU
		{43482B8D-D52B-43DD-BF5F-EC5B7066C4FE}.Debug|Any CPU.Build.0 = Debug|Any CPU
		{43482B8D-D52B-43DD-BF5F-EC5B7066C4FE}.Release|Any CPU.ActiveCfg = Release|Any CPU
		{43482B8D-D52B-43DD-BF5F-EC5B7066C4FE}.Release|Any CPU.Build.0 = Release|Any CPU
		{86FC5EE1-11F7-4826-A6A1-AF1D0ACA1B04}.Debug|Any CPU.ActiveCfg = Debug|Any CPU
		{86FC5EE1-11F7-4826-A6A1-AF1D0ACA1B04}.Debug|Any CPU.Build.0 = Debug|Any CPU
		{86FC5EE1-11F7-4826-A6A1-AF1D0ACA1B04}.Release|Any CPU.ActiveCfg = Release|Any CPU
		{86FC5EE1-11F7-4826-A6A1-AF1D0ACA1B04}.Release|Any CPU.Build.0 = Release|Any CPU
		{40C38427-020F-4D0D-ADDB-F3D94B6DFED5}.Debug|Any CPU.ActiveCfg = Debug|Any CPU
		{40C38427-020F-4D0D-ADDB-F3D94B6DFED5}.Debug|Any CPU.Build.0 = Debug|Any CPU
		{40C38427-020F-4D0D-ADDB-F3D94B6DFED5}.Release|Any CPU.ActiveCfg = Release|Any CPU
		{40C38427-020F-4D0D-ADDB-F3D94B6DFED5}.Release|Any CPU.Build.0 = Release|Any CPU
		{AB3893BF-91B5-4055-B086-A0472D12C995}.Debug|Any CPU.ActiveCfg = Debug|Any CPU
		{AB3893BF-91B5-4055-B086-A0472D12C995}.Debug|Any CPU.Build.0 = Debug|Any CPU
		{AB3893BF-91B5-4055-B086-A0472D12C995}.Release|Any CPU.ActiveCfg = Release|Any CPU
		{AB3893BF-91B5-4055-B086-A0472D12C995}.Release|Any CPU.Build.0 = Release|Any CPU
		{800E896E-737F-4B97-81A8-BB5AA49A0681}.Debug|Any CPU.ActiveCfg = Debug|Any CPU
		{800E896E-737F-4B97-81A8-BB5AA49A0681}.Debug|Any CPU.Build.0 = Debug|Any CPU
		{800E896E-737F-4B97-81A8-BB5AA49A0681}.Release|Any CPU.ActiveCfg = Release|Any CPU
		{800E896E-737F-4B97-81A8-BB5AA49A0681}.Release|Any CPU.Build.0 = Release|Any CPU
		{F2307EF4-5298-4A2D-A7A3-2027A230FADC}.Debug|Any CPU.ActiveCfg = Debug|Any CPU
		{F2307EF4-5298-4A2D-A7A3-2027A230FADC}.Debug|Any CPU.Build.0 = Debug|Any CPU
		{F2307EF4-5298-4A2D-A7A3-2027A230FADC}.Release|Any CPU.ActiveCfg = Release|Any CPU
		{F2307EF4-5298-4A2D-A7A3-2027A230FADC}.Release|Any CPU.Build.0 = Release|Any CPU
		{EDB35FD7-6BAF-4894-B4AC-9F9C21BCDA04}.Debug|Any CPU.ActiveCfg = Debug|Any CPU
		{EDB35FD7-6BAF-4894-B4AC-9F9C21BCDA04}.Debug|Any CPU.Build.0 = Debug|Any CPU
		{EDB35FD7-6BAF-4894-B4AC-9F9C21BCDA04}.Release|Any CPU.ActiveCfg = Release|Any CPU
		{EDB35FD7-6BAF-4894-B4AC-9F9C21BCDA04}.Release|Any CPU.Build.0 = Release|Any CPU
		{CEB39402-ADDD-4BD2-9791-A71AADA3521C}.Debug|Any CPU.ActiveCfg = Debug|Any CPU
		{CEB39402-ADDD-4BD2-9791-A71AADA3521C}.Debug|Any CPU.Build.0 = Debug|Any CPU
		{CEB39402-ADDD-4BD2-9791-A71AADA3521C}.Release|Any CPU.ActiveCfg = Release|Any CPU
		{CEB39402-ADDD-4BD2-9791-A71AADA3521C}.Release|Any CPU.Build.0 = Release|Any CPU
		{45FFDD6A-9996-46FD-8D51-E3006ED11147}.Debug|Any CPU.ActiveCfg = Debug|Any CPU
		{45FFDD6A-9996-46FD-8D51-E3006ED11147}.Debug|Any CPU.Build.0 = Debug|Any CPU
		{45FFDD6A-9996-46FD-8D51-E3006ED11147}.Release|Any CPU.ActiveCfg = Release|Any CPU
		{45FFDD6A-9996-46FD-8D51-E3006ED11147}.Release|Any CPU.Build.0 = Release|Any CPU
		{CFB1BF87-2108-42A0-BEBD-9C496A4F9D99}.Debug|Any CPU.ActiveCfg = Debug|Any CPU
		{CFB1BF87-2108-42A0-BEBD-9C496A4F9D99}.Debug|Any CPU.Build.0 = Debug|Any CPU
		{CFB1BF87-2108-42A0-BEBD-9C496A4F9D99}.Release|Any CPU.ActiveCfg = Release|Any CPU
		{CFB1BF87-2108-42A0-BEBD-9C496A4F9D99}.Release|Any CPU.Build.0 = Release|Any CPU
		{8BFE7132-483A-47A8-A4EB-7EA9532DA6D7}.Debug|Any CPU.ActiveCfg = Debug|Any CPU
		{8BFE7132-483A-47A8-A4EB-7EA9532DA6D7}.Debug|Any CPU.Build.0 = Debug|Any CPU
		{8BFE7132-483A-47A8-A4EB-7EA9532DA6D7}.Release|Any CPU.ActiveCfg = Release|Any CPU
		{8BFE7132-483A-47A8-A4EB-7EA9532DA6D7}.Release|Any CPU.Build.0 = Release|Any CPU
		{25C95340-38E6-4E51-864E-17C95D8886EA}.Debug|Any CPU.ActiveCfg = Debug|Any CPU
		{25C95340-38E6-4E51-864E-17C95D8886EA}.Debug|Any CPU.Build.0 = Debug|Any CPU
		{25C95340-38E6-4E51-864E-17C95D8886EA}.Release|Any CPU.ActiveCfg = Release|Any CPU
		{25C95340-38E6-4E51-864E-17C95D8886EA}.Release|Any CPU.Build.0 = Release|Any CPU
		{E2223D82-B181-4519-93E0-CD79B8ABD755}.Debug|Any CPU.ActiveCfg = Debug|Any CPU
		{E2223D82-B181-4519-93E0-CD79B8ABD755}.Debug|Any CPU.Build.0 = Debug|Any CPU
		{E2223D82-B181-4519-93E0-CD79B8ABD755}.Release|Any CPU.ActiveCfg = Release|Any CPU
		{E2223D82-B181-4519-93E0-CD79B8ABD755}.Release|Any CPU.Build.0 = Release|Any CPU
		{6F3521C4-7EE1-4B7F-ACE4-0F9F8701B661}.Debug|Any CPU.ActiveCfg = Debug|Any CPU
		{6F3521C4-7EE1-4B7F-ACE4-0F9F8701B661}.Debug|Any CPU.Build.0 = Debug|Any CPU
		{6F3521C4-7EE1-4B7F-ACE4-0F9F8701B661}.Release|Any CPU.ActiveCfg = Release|Any CPU
		{6F3521C4-7EE1-4B7F-ACE4-0F9F8701B661}.Release|Any CPU.Build.0 = Release|Any CPU
		{994CC053-F372-403E-A21D-5BBA0F8797A1}.Debug|Any CPU.ActiveCfg = Debug|Any CPU
		{994CC053-F372-403E-A21D-5BBA0F8797A1}.Debug|Any CPU.Build.0 = Debug|Any CPU
		{994CC053-F372-403E-A21D-5BBA0F8797A1}.Release|Any CPU.ActiveCfg = Release|Any CPU
		{994CC053-F372-403E-A21D-5BBA0F8797A1}.Release|Any CPU.Build.0 = Release|Any CPU
		{389D9721-2045-4B98-A8C2-86B14F39FED2}.Debug|Any CPU.ActiveCfg = Debug|Any CPU
		{389D9721-2045-4B98-A8C2-86B14F39FED2}.Debug|Any CPU.Build.0 = Debug|Any CPU
		{389D9721-2045-4B98-A8C2-86B14F39FED2}.Release|Any CPU.ActiveCfg = Release|Any CPU
		{389D9721-2045-4B98-A8C2-86B14F39FED2}.Release|Any CPU.Build.0 = Release|Any CPU
		{0191A849-5040-4359-9EBA-6CCE62CA897F}.Debug|Any CPU.ActiveCfg = Debug|Any CPU
		{0191A849-5040-4359-9EBA-6CCE62CA897F}.Debug|Any CPU.Build.0 = Debug|Any CPU
		{0191A849-5040-4359-9EBA-6CCE62CA897F}.Release|Any CPU.ActiveCfg = Release|Any CPU
		{0191A849-5040-4359-9EBA-6CCE62CA897F}.Release|Any CPU.Build.0 = Release|Any CPU
		{5273C6B5-B0A7-477B-9E1E-CA7ABC04C015}.Debug|Any CPU.ActiveCfg = Debug|Any CPU
		{5273C6B5-B0A7-477B-9E1E-CA7ABC04C015}.Debug|Any CPU.Build.0 = Debug|Any CPU
		{5273C6B5-B0A7-477B-9E1E-CA7ABC04C015}.Release|Any CPU.ActiveCfg = Release|Any CPU
		{5273C6B5-B0A7-477B-9E1E-CA7ABC04C015}.Release|Any CPU.Build.0 = Release|Any CPU
		{0C192C8E-71DB-44EA-AC2B-CE0CA4C1435C}.Debug|Any CPU.ActiveCfg = Debug|Any CPU
		{0C192C8E-71DB-44EA-AC2B-CE0CA4C1435C}.Debug|Any CPU.Build.0 = Debug|Any CPU
		{0C192C8E-71DB-44EA-AC2B-CE0CA4C1435C}.Release|Any CPU.ActiveCfg = Release|Any CPU
		{0C192C8E-71DB-44EA-AC2B-CE0CA4C1435C}.Release|Any CPU.Build.0 = Release|Any CPU
		{79CF5A1C-DABC-4F4B-B301-A6DA25F4CC3A}.Debug|Any CPU.ActiveCfg = Debug|Any CPU
		{79CF5A1C-DABC-4F4B-B301-A6DA25F4CC3A}.Debug|Any CPU.Build.0 = Debug|Any CPU
		{79CF5A1C-DABC-4F4B-B301-A6DA25F4CC3A}.Release|Any CPU.ActiveCfg = Release|Any CPU
		{79CF5A1C-DABC-4F4B-B301-A6DA25F4CC3A}.Release|Any CPU.Build.0 = Release|Any CPU
		{334ED912-921F-4FF0-BBAE-525C98A3DA58}.Debug|Any CPU.ActiveCfg = Debug|Any CPU
		{334ED912-921F-4FF0-BBAE-525C98A3DA58}.Debug|Any CPU.Build.0 = Debug|Any CPU
		{334ED912-921F-4FF0-BBAE-525C98A3DA58}.Release|Any CPU.ActiveCfg = Release|Any CPU
		{334ED912-921F-4FF0-BBAE-525C98A3DA58}.Release|Any CPU.Build.0 = Release|Any CPU
		{F6D04DB1-AF28-4E1C-8900-3D8E6E007173}.Debug|Any CPU.ActiveCfg = Debug|Any CPU
		{F6D04DB1-AF28-4E1C-8900-3D8E6E007173}.Debug|Any CPU.Build.0 = Debug|Any CPU
		{F6D04DB1-AF28-4E1C-8900-3D8E6E007173}.Release|Any CPU.ActiveCfg = Release|Any CPU
		{F6D04DB1-AF28-4E1C-8900-3D8E6E007173}.Release|Any CPU.Build.0 = Release|Any CPU
		{5787A4A8-1E64-458C-94E4-1EB3A685E7D7}.Debug|Any CPU.ActiveCfg = Debug|Any CPU
		{5787A4A8-1E64-458C-94E4-1EB3A685E7D7}.Debug|Any CPU.Build.0 = Debug|Any CPU
		{5787A4A8-1E64-458C-94E4-1EB3A685E7D7}.Release|Any CPU.ActiveCfg = Release|Any CPU
		{5787A4A8-1E64-458C-94E4-1EB3A685E7D7}.Release|Any CPU.Build.0 = Release|Any CPU
		{24257F75-DEBD-4D6C-B2B3-EC6CD7F957B8}.Debug|Any CPU.ActiveCfg = Debug|Any CPU
		{24257F75-DEBD-4D6C-B2B3-EC6CD7F957B8}.Debug|Any CPU.Build.0 = Debug|Any CPU
		{24257F75-DEBD-4D6C-B2B3-EC6CD7F957B8}.Release|Any CPU.ActiveCfg = Release|Any CPU
		{24257F75-DEBD-4D6C-B2B3-EC6CD7F957B8}.Release|Any CPU.Build.0 = Release|Any CPU
		{5DE4D1D9-5E13-4B72-86EB-251E02AB0380}.Debug|Any CPU.ActiveCfg = Debug|Any CPU
		{5DE4D1D9-5E13-4B72-86EB-251E02AB0380}.Debug|Any CPU.Build.0 = Debug|Any CPU
		{5DE4D1D9-5E13-4B72-86EB-251E02AB0380}.Release|Any CPU.ActiveCfg = Release|Any CPU
		{5DE4D1D9-5E13-4B72-86EB-251E02AB0380}.Release|Any CPU.Build.0 = Release|Any CPU
		{8B7BD582-48D0-46FF-B114-B8249356A5C9}.Debug|Any CPU.ActiveCfg = Debug|Any CPU
		{8B7BD582-48D0-46FF-B114-B8249356A5C9}.Debug|Any CPU.Build.0 = Debug|Any CPU
		{8B7BD582-48D0-46FF-B114-B8249356A5C9}.Release|Any CPU.ActiveCfg = Release|Any CPU
		{8B7BD582-48D0-46FF-B114-B8249356A5C9}.Release|Any CPU.Build.0 = Release|Any CPU
		{7D57F235-B917-4198-92D6-879F99DB0153}.Debug|Any CPU.ActiveCfg = Debug|Any CPU
		{7D57F235-B917-4198-92D6-879F99DB0153}.Debug|Any CPU.Build.0 = Debug|Any CPU
		{7D57F235-B917-4198-92D6-879F99DB0153}.Release|Any CPU.ActiveCfg = Release|Any CPU
		{7D57F235-B917-4198-92D6-879F99DB0153}.Release|Any CPU.Build.0 = Release|Any CPU
		{D6D243A1-0E7C-4891-ABB5-2CF35B3CED53}.Debug|Any CPU.ActiveCfg = Debug|Any CPU
		{D6D243A1-0E7C-4891-ABB5-2CF35B3CED53}.Debug|Any CPU.Build.0 = Debug|Any CPU
		{D6D243A1-0E7C-4891-ABB5-2CF35B3CED53}.Release|Any CPU.ActiveCfg = Release|Any CPU
		{D6D243A1-0E7C-4891-ABB5-2CF35B3CED53}.Release|Any CPU.Build.0 = Release|Any CPU
		{0E4CEE96-DD16-45BC-BE8A-0EDEB45E6D2E}.Debug|Any CPU.ActiveCfg = Debug|Any CPU
		{0E4CEE96-DD16-45BC-BE8A-0EDEB45E6D2E}.Debug|Any CPU.Build.0 = Debug|Any CPU
		{0E4CEE96-DD16-45BC-BE8A-0EDEB45E6D2E}.Release|Any CPU.ActiveCfg = Release|Any CPU
		{0E4CEE96-DD16-45BC-BE8A-0EDEB45E6D2E}.Release|Any CPU.Build.0 = Release|Any CPU
		{519842A7-F00B-4892-9881-4F3C31007947}.Debug|Any CPU.ActiveCfg = Debug|Any CPU
		{519842A7-F00B-4892-9881-4F3C31007947}.Debug|Any CPU.Build.0 = Debug|Any CPU
		{519842A7-F00B-4892-9881-4F3C31007947}.Release|Any CPU.ActiveCfg = Release|Any CPU
		{519842A7-F00B-4892-9881-4F3C31007947}.Release|Any CPU.Build.0 = Release|Any CPU
		{A03CEB86-ADF9-405C-83AD-E306D75AD35E}.Debug|Any CPU.ActiveCfg = Debug|Any CPU
		{A03CEB86-ADF9-405C-83AD-E306D75AD35E}.Debug|Any CPU.Build.0 = Debug|Any CPU
		{A03CEB86-ADF9-405C-83AD-E306D75AD35E}.Release|Any CPU.ActiveCfg = Release|Any CPU
		{A03CEB86-ADF9-405C-83AD-E306D75AD35E}.Release|Any CPU.Build.0 = Release|Any CPU
		{0E5988B7-6984-44E9-8F86-CE36ED395900}.Debug|Any CPU.ActiveCfg = Debug|Any CPU
		{0E5988B7-6984-44E9-8F86-CE36ED395900}.Debug|Any CPU.Build.0 = Debug|Any CPU
		{0E5988B7-6984-44E9-8F86-CE36ED395900}.Release|Any CPU.ActiveCfg = Release|Any CPU
		{0E5988B7-6984-44E9-8F86-CE36ED395900}.Release|Any CPU.Build.0 = Release|Any CPU
		{7870BB4E-5DB2-44F4-ADA6-22F7C4534FF0}.Debug|Any CPU.ActiveCfg = Debug|Any CPU
		{7870BB4E-5DB2-44F4-ADA6-22F7C4534FF0}.Debug|Any CPU.Build.0 = Debug|Any CPU
		{7870BB4E-5DB2-44F4-ADA6-22F7C4534FF0}.Release|Any CPU.ActiveCfg = Release|Any CPU
		{7870BB4E-5DB2-44F4-ADA6-22F7C4534FF0}.Release|Any CPU.Build.0 = Release|Any CPU
		{5EF1E3DA-456E-45EB-94EC-ED3C3BC0EF23}.Debug|Any CPU.ActiveCfg = Debug|Any CPU
		{5EF1E3DA-456E-45EB-94EC-ED3C3BC0EF23}.Debug|Any CPU.Build.0 = Debug|Any CPU
		{5EF1E3DA-456E-45EB-94EC-ED3C3BC0EF23}.Release|Any CPU.ActiveCfg = Release|Any CPU
		{5EF1E3DA-456E-45EB-94EC-ED3C3BC0EF23}.Release|Any CPU.Build.0 = Release|Any CPU
		{F833A87A-0EF0-4481-ABDE-9063F108A5D1}.Debug|Any CPU.ActiveCfg = Debug|Any CPU
		{F833A87A-0EF0-4481-ABDE-9063F108A5D1}.Debug|Any CPU.Build.0 = Debug|Any CPU
		{F833A87A-0EF0-4481-ABDE-9063F108A5D1}.Release|Any CPU.ActiveCfg = Release|Any CPU
		{F833A87A-0EF0-4481-ABDE-9063F108A5D1}.Release|Any CPU.Build.0 = Release|Any CPU
		{03AB745A-2A72-421C-AEDA-91B311557C8C}.Debug|Any CPU.ActiveCfg = Debug|Any CPU
		{03AB745A-2A72-421C-AEDA-91B311557C8C}.Debug|Any CPU.Build.0 = Debug|Any CPU
		{03AB745A-2A72-421C-AEDA-91B311557C8C}.Release|Any CPU.ActiveCfg = Release|Any CPU
		{03AB745A-2A72-421C-AEDA-91B311557C8C}.Release|Any CPU.Build.0 = Release|Any CPU
	EndGlobalSection
	GlobalSection(SolutionProperties) = preSolution
		HideSolutionNode = FALSE
	EndGlobalSection
	GlobalSection(NestedProjects) = preSolution
		{B8F6B7E4-AA00-41BD-9876-D3071904CBF5} = {4E2B6B33-EC42-45EB-847A-9F7E1B0117B5}
		{17D48463-C3F6-4054-93E6-E9836940AC51} = {B8F6B7E4-AA00-41BD-9876-D3071904CBF5}
		{86F08BB2-A13C-40B6-8893-D0BDB79BC89C} = {4E2B6B33-EC42-45EB-847A-9F7E1B0117B5}
		{43482B8D-D52B-43DD-BF5F-EC5B7066C4FE} = {86F08BB2-A13C-40B6-8893-D0BDB79BC89C}
		{86FC5EE1-11F7-4826-A6A1-AF1D0ACA1B04} = {86F08BB2-A13C-40B6-8893-D0BDB79BC89C}
		{B483244C-A6A8-473D-B5A8-E3E826AE4BEB} = {4E2B6B33-EC42-45EB-847A-9F7E1B0117B5}
		{40C38427-020F-4D0D-ADDB-F3D94B6DFED5} = {B483244C-A6A8-473D-B5A8-E3E826AE4BEB}
		{AB3893BF-91B5-4055-B086-A0472D12C995} = {B483244C-A6A8-473D-B5A8-E3E826AE4BEB}
		{3B996249-54F3-4D5D-8904-68F7BFD7828C} = {3980F026-12EE-47A2-814C-F46FE934007E}
		{C7129167-56AD-429C-9DD9-B342C896DA71} = {3980F026-12EE-47A2-814C-F46FE934007E}
		{77D77708-DF58-4D6C-B185-4F9773C0C374} = {3980F026-12EE-47A2-814C-F46FE934007E}
		{EDB35FD7-6BAF-4894-B4AC-9F9C21BCDA04} = {C7129167-56AD-429C-9DD9-B342C896DA71}
		{CEB39402-ADDD-4BD2-9791-A71AADA3521C} = {3B996249-54F3-4D5D-8904-68F7BFD7828C}
		{45FFDD6A-9996-46FD-8D51-E3006ED11147} = {3B996249-54F3-4D5D-8904-68F7BFD7828C}
		{CFB1BF87-2108-42A0-BEBD-9C496A4F9D99} = {77D77708-DF58-4D6C-B185-4F9773C0C374}
		{8BFE7132-483A-47A8-A4EB-7EA9532DA6D7} = {77D77708-DF58-4D6C-B185-4F9773C0C374}
		{0C854B3B-A4D3-4E5A-9E1C-314EE4011F71} = {D22D69CA-08C5-4184-A165-194A87574129}
		{D366FE7B-97DD-4EA8-93BF-41B6A13877B3} = {D22D69CA-08C5-4184-A165-194A87574129}
		{B433935D-B78C-4BE9-A519-AD3771046159} = {D22D69CA-08C5-4184-A165-194A87574129}
		{25C95340-38E6-4E51-864E-17C95D8886EA} = {0C854B3B-A4D3-4E5A-9E1C-314EE4011F71}
		{E2223D82-B181-4519-93E0-CD79B8ABD755} = {D366FE7B-97DD-4EA8-93BF-41B6A13877B3}
		{6F3521C4-7EE1-4B7F-ACE4-0F9F8701B661} = {B433935D-B78C-4BE9-A519-AD3771046159}
		{994CC053-F372-403E-A21D-5BBA0F8797A1} = {D366FE7B-97DD-4EA8-93BF-41B6A13877B3}
		{389D9721-2045-4B98-A8C2-86B14F39FED2} = {B433935D-B78C-4BE9-A519-AD3771046159}
		{481C0FF2-D31E-483C-A749-1237685D0CDD} = {7295C5F0-1414-498F-9DEA-B7AA8A69790D}
		{64750652-CE0E-4687-AF63-106DA2C2C01B} = {7295C5F0-1414-498F-9DEA-B7AA8A69790D}
		{406A76BB-DA93-432A-93D9-20BD15C2B812} = {7295C5F0-1414-498F-9DEA-B7AA8A69790D}
		{0191A849-5040-4359-9EBA-6CCE62CA897F} = {481C0FF2-D31E-483C-A749-1237685D0CDD}
		{5273C6B5-B0A7-477B-9E1E-CA7ABC04C015} = {64750652-CE0E-4687-AF63-106DA2C2C01B}
		{0C192C8E-71DB-44EA-AC2B-CE0CA4C1435C} = {64750652-CE0E-4687-AF63-106DA2C2C01B}
		{79CF5A1C-DABC-4F4B-B301-A6DA25F4CC3A} = {406A76BB-DA93-432A-93D9-20BD15C2B812}
		{334ED912-921F-4FF0-BBAE-525C98A3DA58} = {406A76BB-DA93-432A-93D9-20BD15C2B812}
		{F8F1153D-C48F-44BE-9202-D3F67EA2BF2C} = {F64C577B-EE67-4352-91C0-C7CBEA9677FF}
		{F16ED7C4-40FA-4EEA-98E7-444F74ABB2E9} = {F64C577B-EE67-4352-91C0-C7CBEA9677FF}
		{F6D04DB1-AF28-4E1C-8900-3D8E6E007173} = {F8F1153D-C48F-44BE-9202-D3F67EA2BF2C}
		{5787A4A8-1E64-458C-94E4-1EB3A685E7D7} = {F16ED7C4-40FA-4EEA-98E7-444F74ABB2E9}
		{24257F75-DEBD-4D6C-B2B3-EC6CD7F957B8} = {F16ED7C4-40FA-4EEA-98E7-444F74ABB2E9}
		{F657B11F-2667-4CE1-8C4A-0142D7FFA549} = {F64C577B-EE67-4352-91C0-C7CBEA9677FF}
		{5DE4D1D9-5E13-4B72-86EB-251E02AB0380} = {F657B11F-2667-4CE1-8C4A-0142D7FFA549}
		{8B7BD582-48D0-46FF-B114-B8249356A5C9} = {F657B11F-2667-4CE1-8C4A-0142D7FFA549}
		{03B1273A-2945-45D4-AEA6-2EB4C547BEDF} = {E45290F6-5E01-43EC-B313-35E0E9E2FC96}
		{A01A4B25-17A8-43F0-B069-C0B8C29735AD} = {E45290F6-5E01-43EC-B313-35E0E9E2FC96}
		{135CB783-6CD8-4C23-8236-8C837B7C9293} = {E45290F6-5E01-43EC-B313-35E0E9E2FC96}
		{7D57F235-B917-4198-92D6-879F99DB0153} = {03B1273A-2945-45D4-AEA6-2EB4C547BEDF}
		{D6D243A1-0E7C-4891-ABB5-2CF35B3CED53} = {A01A4B25-17A8-43F0-B069-C0B8C29735AD}
		{0E4CEE96-DD16-45BC-BE8A-0EDEB45E6D2E} = {135CB783-6CD8-4C23-8236-8C837B7C9293}
		{519842A7-F00B-4892-9881-4F3C31007947} = {A01A4B25-17A8-43F0-B069-C0B8C29735AD}
		{A03CEB86-ADF9-405C-83AD-E306D75AD35E} = {135CB783-6CD8-4C23-8236-8C837B7C9293}
		{0E5988B7-6984-44E9-8F86-CE36ED395900} = {B483244C-A6A8-473D-B5A8-E3E826AE4BEB}
		{4C9AF3E3-F4CE-4E84-9C5B-1CA0ABAD28DB} = {4E2B6B33-EC42-45EB-847A-9F7E1B0117B5}
		{7870BB4E-5DB2-44F4-ADA6-22F7C4534FF0} = {4C9AF3E3-F4CE-4E84-9C5B-1CA0ABAD28DB}
		{B1656809-5CB9-4B5F-93C8-560D642FDE29} = {D22D69CA-08C5-4184-A165-194A87574129}
		{5EF1E3DA-456E-45EB-94EC-ED3C3BC0EF23} = {B1656809-5CB9-4B5F-93C8-560D642FDE29}
		{5F13B1AD-61F8-4827-BD25-75E311010099} = {7295C5F0-1414-498F-9DEA-B7AA8A69790D}
		{F833A87A-0EF0-4481-ABDE-9063F108A5D1} = {5F13B1AD-61F8-4827-BD25-75E311010099}
		{03AB745A-2A72-421C-AEDA-91B311557C8C} = {B483244C-A6A8-473D-B5A8-E3E826AE4BEB}
	EndGlobalSection
	GlobalSection(ExtensibilityGlobals) = postSolution
		SolutionGuid = {95E90D25-E574-463D-9727-68D101EA16F5}
	EndGlobalSection
EndGlobal
